
Microsoft Visual Studio Solution File, Format Version 12.00
# Visual Studio Version 17
VisualStudioVersion = 17.2.32616.157
MinimumVisualStudioVersion = 10.0.40219.1
Project("{2150E333-8FDC-42A3-9474-1A3956D46DE8}") = "1. Presentation Layer", "1. Presentation Layer", "{21078EA6-8A1A-49D2-A7F8-DB47E6866F6C}"
EndProject
Project("{2150E333-8FDC-42A3-9474-1A3956D46DE8}") = "2. Business Layer", "2. Business Layer", "{48D76332-9D6C-49E1-8BB0-1C3D9D7752F5}"
EndProject
Project("{2150E333-8FDC-42A3-9474-1A3956D46DE8}") = "3. Data Layer", "3. Data Layer", "{F72ECC82-2DA6-43D9-BCC1-8EFA9BE8D4D5}"
EndProject
Project("{FAE04EC0-301F-11D3-BF4B-00C04F79EFBC}") = "MyStoreWinApp", "MyStoreWinApp\MyStoreWinApp.csproj", "{385AC525-2F93-4B5B-B172-7CB1687F58CE}"
EndProject
Project("{FAE04EC0-301F-11D3-BF4B-00C04F79EFBC}") = "BusinessObject", "BusinessObject\BusinessObject.csproj", "{E4F0D092-39D5-4D74-A0C9-8D3A695F40C7}"
EndProject
Project("{FAE04EC0-301F-11D3-BF4B-00C04F79EFBC}") = "DataAccess", "DataAccess\DataAccess.csproj", "{F6D051CE-4FDD-4335-846C-677E5BD8328F}"
EndProject
Global
	GlobalSection(SolutionConfigurationPlatforms) = preSolution
		Debug|Any CPU = Debug|Any CPU
		Release|Any CPU = Release|Any CPU
	EndGlobalSection
	GlobalSection(ProjectConfigurationPlatforms) = postSolution
		{385AC525-2F93-4B5B-B172-7CB1687F58CE}.Debug|Any CPU.ActiveCfg = Debug|Any CPU
		{385AC525-2F93-4B5B-B172-7CB1687F58CE}.Debug|Any CPU.Build.0 = Debug|Any CPU
		{385AC525-2F93-4B5B-B172-7CB1687F58CE}.Release|Any CPU.ActiveCfg = Release|Any CPU
		{385AC525-2F93-4B5B-B172-7CB1687F58CE}.Release|Any CPU.Build.0 = Release|Any CPU
		{E4F0D092-39D5-4D74-A0C9-8D3A695F40C7}.Debug|Any CPU.ActiveCfg = Debug|Any CPU
		{E4F0D092-39D5-4D74-A0C9-8D3A695F40C7}.Debug|Any CPU.Build.0 = Debug|Any CPU
		{E4F0D092-39D5-4D74-A0C9-8D3A695F40C7}.Release|Any CPU.ActiveCfg = Release|Any CPU
		{E4F0D092-39D5-4D74-A0C9-8D3A695F40C7}.Release|Any CPU.Build.0 = Release|Any CPU
		{F6D051CE-4FDD-4335-846C-677E5BD8328F}.Debug|Any CPU.ActiveCfg = Debug|Any CPU
		{F6D051CE-4FDD-4335-846C-677E5BD8328F}.Debug|Any CPU.Build.0 = Debug|Any CPU
		{F6D051CE-4FDD-4335-846C-677E5BD8328F}.Release|Any CPU.ActiveCfg = Release|Any CPU
		{F6D051CE-4FDD-4335-846C-677E5BD8328F}.Release|Any CPU.Build.0 = Release|Any CPU
	EndGlobalSection
	GlobalSection(SolutionProperties) = preSolution
		HideSolutionNode = FALSE
	EndGlobalSection
	GlobalSection(NestedProjects) = preSolution
		{385AC525-2F93-4B5B-B172-7CB1687F58CE} = {21078EA6-8A1A-49D2-A7F8-DB47E6866F6C}
		{E4F0D092-39D5-4D74-A0C9-8D3A695F40C7} = {48D76332-9D6C-49E1-8BB0-1C3D9D7752F5}
		{F6D051CE-4FDD-4335-846C-677E5BD8328F} = {F72ECC82-2DA6-43D9-BCC1-8EFA9BE8D4D5}
	EndGlobalSection
	GlobalSection(ExtensibilityGlobals) = postSolution
		SolutionGuid = {0359D57D-F455-44D7-B49A-5C7B273AA32D}
	EndGlobalSection
EndGlobal
